# THIS IS AN AUTOGENERATED FILE. DO NOT EDIT THIS FILE DIRECTLY.
# yarn lockfile v1


"@node-redis/client@^1.0.1":
  version "1.0.1"
  resolved "https://registry.npmmirror.com/@node-redis/client/download/@node-redis/client-1.0.1.tgz#ddca6021097ce1026fedc193cac8c36b05c6cad8"
  integrity sha512-o0I4LdzJXP6QYxRnBPrQ7cIG5tF3SNM/PBnjC3mV6QkzIiGRElzWqSr9a9JCJdcyB1SIA80bhgGhpdTpCQ1Sdw==
  dependencies:
    cluster-key-slot "1.1.0"
    generic-pool "3.8.2"
    redis-parser "3.0.0"
    yallist "4.0.0"

"@node-redis/json@^1.0.1":
  version "1.0.1"
  resolved "https://registry.npmmirror.com/@node-redis/json/download/@node-redis/json-1.0.1.tgz#8cd987c1855392adf21bc4f06163a7eda97a40a3"
  integrity sha512-2EB96ZN0yUr4mgA9Odme48jX8eF5Ji0jrsRn4rLfEhME7L3rHLdKeUfxJKxbPOxadP6k8+6ViElxPZrKuV2nvQ==

"@node-redis/search@^1.0.1":
  version "1.0.1"
  resolved "https://registry.npmmirror.com/@node-redis/search/download/@node-redis/search-1.0.1.tgz#8d0936049f4858b9aefab40524ce8e5a52e5d08e"
  integrity sha512-iA2Gw6gr0X6IfNSjTyme9W1tDlLkwQ1bPApo4s8aVwZ2Ju8Z4COVik0vT6BJPRin79f5xPZgnaec3DIoC2UpHA==

"@node-redis/time-series@^1.0.0":
  version "1.0.0"
  resolved "https://registry.npmmirror.com/@node-redis/time-series/download/@node-redis/time-series-1.0.0.tgz#3db4caa63d7c158f0b73ab6cd46bd6c9c187dfaf"
  integrity sha512-QcaCIL/DlYJXedSfmjF+IRxKJbBUXBrjA5Gv0IiPlXXFFOkRnbPGKq6hmwBAAWyk1U03wyBHDFKVS3/9GnZV8g==

cluster-key-slot@1.1.0:
  version "1.1.0"
  resolved "https://registry.npm.taobao.org/cluster-key-slot/download/cluster-key-slot-1.1.0.tgz#30474b2a981fb12172695833052bc0d01336d10d"
  integrity sha1-MEdLKpgfsSFyaVgzBSvA0BM20Q0=

generic-pool@3.8.2:
  version "3.8.2"
  resolved "https://registry.nlark.com/generic-pool/download/generic-pool-3.8.2.tgz#aab4f280adb522fdfbdc5e5b64d718d3683f04e9"
  integrity sha1-qrTygK21Iv373F5bZNcY02g/BOk=

redis-errors@^1.0.0:
  version "1.2.0"
  resolved "https://registry.npm.taobao.org/redis-errors/download/redis-errors-1.2.0.tgz#eb62d2adb15e4eaf4610c04afe1529384250abad"
  integrity sha1-62LSrbFeTq9GEMBK/hUpOEJQq60=

redis-parser@3.0.0:
  version "3.0.0"
  resolved "https://registry.nlark.com/redis-parser/download/redis-parser-3.0.0.tgz#b66d828cdcafe6b4b8a428a7def4c6bcac31c8b4"
  integrity sha1-tm2CjNyv5rS4pCin3vTGvKwxyLQ=
  dependencies:
    redis-errors "^1.0.0"

redis@^4.0.1:
  version "4.0.1"
  resolved "https://registry.npmmirror.com/redis/download/redis-4.0.1.tgz#c020e2ac7f83f0c1d42ced50b8a7af28164bd6ee"
  integrity sha512-qfcq1oz2ci7pNdCfTLLEuKhS8jZ17dFiT1exogOr+jd3EVP/h9qpy7K+VajB4BXA0k8q68KFqR6HrliKV6jt1Q==
  dependencies:
    "@node-redis/client" "^1.0.1"
    "@node-redis/json" "^1.0.1"
    "@node-redis/search" "^1.0.1"
    "@node-redis/time-series" "^1.0.0"

yallist@4.0.0:
  version "4.0.0"
  resolved "https://registry.nlark.com/yallist/download/yallist-4.0.0.tgz#9bb92790d9c0effec63be73519e11a35019a3a72"
  integrity sha1-m7knkNnA7/7GO+c1GeEaNQGaOnI=
