{
    "name": "chatrooms",
    "version": "0.0.1",
    "lockfileVersion": 1,
    "requires": true,
    "dependencies": {
        "@types/component-emitter": {
            "version": "1.2.11",
            "resolved": "https://registry.npmmirror.com/@types/component-emitter/download/@types/component-emitter-1.2.11.tgz",
            "integrity": "sha1-UNR9QrNHJTgXo5cJ/vA85moQhQY="
        },
        "@types/cookie": {
            "version": "0.4.1",
            "resolved": "https://registry.nlark.com/@types/cookie/download/@types/cookie-0.4.1.tgz?cache=0&sync_timestamp=1629707096500&other_urls=https%3A%2F%2Fregistry.nlark.com%2F%40types%2Fcookie%2Fdownload%2F%40types%2Fcookie-0.4.1.tgz",
            "integrity": "sha1-v9AsHyIkVnZ2wVRRmfh8OoYdh40="
        },
        "@types/cors": {
            "version": "2.8.12",
            "resolved": "https://registry.nlark.com/@types/cors/download/@types/cors-2.8.12.tgz?cache=0&sync_timestamp=1629707095676&other_urls=https%3A%2F%2Fregistry.nlark.com%2F%40types%2Fcors%2Fdownload%2F%40types%2Fcors-2.8.12.tgz",
            "integrity": "sha1-ayxRCnrXA56Y57jT1lmPQ1nlwIA="
        },
        "@types/node": {
            "version": "16.11.7",
            "resolved": "https://registry.npmmirror.com/@types/node/download/@types/node-16.11.7.tgz?cache=0&sync_timestamp=1636407266169&other_urls=https%3A%2F%2Fregistry.npmmirror.com%2F%40types%2Fnode%2Fdownload%2F%40types%2Fnode-16.11.7.tgz",
            "integrity": "sha512-QB5D2sqfSjCmTuWcBWyJ+/44bcjO7VbjSbOE0ucoVbAsSNQc4Lt6QkgkVXkTDwkL4z/beecZNDvVX15D4P8Jbw=="
        },
        "accepts": {
            "version": "1.3.7",
            "resolved": "https://registry.npm.taobao.org/accepts/download/accepts-1.3.7.tgz",
            "integrity": "sha1-UxvHJlF6OytB+FACHGzBXqq1B80=",
            "requires": {
                "mime-types": "~2.1.24",
                "negotiator": "0.6.2"
            }
        },
        "base64-arraybuffer": {
            "version": "1.0.1",
            "resolved": "https://registry.nlark.com/base64-arraybuffer/download/base64-arraybuffer-1.0.1.tgz?cache=0&sync_timestamp=1628588823959&other_urls=https%3A%2F%2Fregistry.nlark.com%2Fbase64-arraybuffer%2Fdownload%2Fbase64-arraybuffer-1.0.1.tgz",
            "integrity": "sha1-h70TUlYm20qYOOAKUIwrc+/PNIw="
        },
        "base64id": {
            "version": "2.0.0",
            "resolved": "https://registry.nlark.com/base64id/download/base64id-2.0.0.tgz",
            "integrity": "sha1-J3Csa8R9MSr5eov5pjQ0LgzSXLY="
        },
        "component-emitter": {
            "version": "1.3.0",
            "resolved": "https://registry.nlark.com/component-emitter/download/component-emitter-1.3.0.tgz",
            "integrity": "sha1-FuQHD7qK4ptnnyIVhT7hgasuq8A="
        },
        "cookie": {
            "version": "0.4.1",
            "resolved": "https://registry.npm.taobao.org/cookie/download/cookie-0.4.1.tgz",
            "integrity": "sha1-r9cT/ibr0hupXOth+agRblClN9E="
        },
        "cors": {
            "version": "2.8.5",
            "resolved": "https://registry.nlark.com/cors/download/cors-2.8.5.tgz",
            "integrity": "sha1-6sEdpRWS3Ya58G9uesKTs9+HXSk=",
            "requires": {
                "object-assign": "^4",
                "vary": "^1"
            }
        },
        "debug": {
            "version": "4.3.2",
            "resolved": "https://registry.npmmirror.com/debug/download/debug-4.3.2.tgz?cache=0&sync_timestamp=1636300872595&other_urls=https%3A%2F%2Fregistry.npmmirror.com%2Fdebug%2Fdownload%2Fdebug-4.3.2.tgz",
            "integrity": "sha1-8KScGKyHeeMdSgxgKd+3aHPHQos=",
            "requires": {
                "ms": "2.1.2"
            }
        },
        "engine.io": {
            "version": "6.0.1",
            "resolved": "https://registry.npmmirror.com/engine.io/download/engine.io-6.0.1.tgz?cache=0&sync_timestamp=1636357221565&other_urls=https%3A%2F%2Fregistry.npmmirror.com%2Fengine.io%2Fdownload%2Fengine.io-6.0.1.tgz",
            "integrity": "sha1-Sjd1TGBnQV6b+8yC5J5XJDc1RhU=",
            "requires": {
                "@types/cookie": "^0.4.1",
                "@types/cors": "^2.8.12",
                "@types/node": ">=10.0.0",
                "accepts": "~1.3.4",
                "base64id": "2.0.0",
                "cookie": "~0.4.1",
                "cors": "~2.8.5",
                "debug": "~4.3.1",
                "engine.io-parser": "~5.0.0",
                "ws": "~8.2.3"
            }
        },
        "engine.io-parser": {
            "version": "5.0.1",
            "resolved": "https://registry.npmmirror.com/engine.io-parser/download/engine.io-parser-5.0.1.tgz?cache=0&sync_timestamp=1634340607567&other_urls=https%3A%2F%2Fregistry.npmmirror.com%2Fengine.io-parser%2Fdownload%2Fengine.io-parser-5.0.1.tgz",
            "integrity": "sha1-ZpX8Dx5tdq1KSDAP+A219rNlSTk=",
            "requires": {
                "base64-arraybuffer": "~1.0.1"
            }
        },
        "mime": {
            "version": "3.0.0",
            "resolved": "https://registry.npmmirror.com/mime/download/mime-3.0.0.tgz",
            "integrity": "sha1-s3RVDco6DBhEOwyVCmpY8ZMc96c="
        },
        "mime-db": {
            "version": "1.51.0",
            "resolved": "https://registry.npmmirror.com/mime-db/download/mime-db-1.51.0.tgz?cache=0&sync_timestamp=1636426024486&other_urls=https%3A%2F%2Fregistry.npmmirror.com%2Fmime-db%2Fdownload%2Fmime-db-1.51.0.tgz",
            "integrity": "sha512-5y8A56jg7XVQx2mbv1lu49NR4dokRnhZYTtL+KGfaa27uq4pSTXkwQkFJl4pkRMyNFz/EtYDSkiiEHx3F7UN6g=="
        },
        "mime-types": {
            "version": "2.1.34",
            "resolved": "https://registry.npmmirror.com/mime-types/download/mime-types-2.1.34.tgz?cache=0&sync_timestamp=1636432244120&other_urls=https%3A%2F%2Fregistry.npmmirror.com%2Fmime-types%2Fdownload%2Fmime-types-2.1.34.tgz",
            "integrity": "sha512-6cP692WwGIs9XXdOO4++N+7qjqv0rqxxVvJ3VHPh/Sc9mVZcQP+ZGhkKiTvWMQRr2tbHkJP/Yn7Y0npb3ZBs4A==",
            "requires": {
                "mime-db": "1.51.0"
            }
        },
        "ms": {
            "version": "2.1.2",
            "resolved": "https://registry.npmmirror.com/ms/download/ms-2.1.2.tgz",
            "integrity": "sha1-0J0fNXtEP0kzgqjrPM0YOHKuYAk="
        },
        "negotiator": {
            "version": "0.6.2",
            "resolved": "https://registry.npm.taobao.org/negotiator/download/negotiator-0.6.2.tgz",
            "integrity": "sha1-/qz3zPUlp3rpY0Q2pkiD/+yjRvs="
        },
        "object-assign": {
            "version": "4.1.1",
            "resolved": "https://registry.npm.taobao.org/object-assign/download/object-assign-4.1.1.tgz?cache=0&sync_timestamp=1602657128410&other_urls=https%3A%2F%2Fregistry.npm.taobao.org%2Fobject-assign%2Fdownload%2Fobject-assign-4.1.1.tgz",
            "integrity": "sha1-IQmtx5ZYh8/AXLvUQsrIv7s2CGM="
        },
        "socket.io": {
            "version": "4.3.2",
            "resolved": "https://registry.npmmirror.com/socket.io/download/socket.io-4.3.2.tgz?cache=0&sync_timestamp=1636350290333&other_urls=https%3A%2F%2Fregistry.npmmirror.com%2Fsocket.io%2Fdownload%2Fsocket.io-4.3.2.tgz",
            "integrity": "sha512-6S5tV4jcY6dbZ/lLzD6EkvNWI3s81JO6ABP/EpvOlK1NPOcIj3AS4khi6xXw6JlZCASq82HQV4SapfmVMMl2dg==",
            "requires": {
                "accepts": "~1.3.4",
                "base64id": "~2.0.0",
                "debug": "~4.3.2",
                "engine.io": "~6.0.0",
                "socket.io-adapter": "~2.3.2",
                "socket.io-parser": "~4.0.4"
            }
        },
        "socket.io-adapter": {
            "version": "2.3.2",
            "resolved": "https://registry.nlark.com/socket.io-adapter/download/socket.io-adapter-2.3.2.tgz",
            "integrity": "sha1-A5zXxxpSq62YSm1X2iwLfs3Twok="
        },
        "socket.io-parser": {
            "version": "4.0.4",
            "resolved": "https://registry.npmmirror.com/socket.io-parser/download/socket.io-parser-4.0.4.tgz",
            "integrity": "sha1-nqIbDWFQjRgZbvBKLGuatjD0wrA=",
            "requires": {
                "@types/component-emitter": "^1.2.10",
                "component-emitter": "~1.3.0",
                "debug": "~4.3.1"
            }
        },
        "vary": {
            "version": "1.1.2",
            "resolved": "https://registry.nlark.com/vary/download/vary-1.1.2.tgz",
            "integrity": "sha1-IpnwLG3tMNSllhsLn3RSShj2NPw="
        },
        "ws": {
            "version": "8.2.3",
            "resolved": "https://registry.npmmirror.com/ws/download/ws-8.2.3.tgz",
            "integrity": "sha1-Y6VkVtsbBDZ9C3IaC4DK5ti+y7o="
        }
    }
}
